<?xml version="1.0" encoding="utf-8"?>
<Project ToolsVersion="4.0" xmlns="http://schemas.microsoft.com/developer/msbuild/2003">
  <ItemGroup>
    <ClCompile Include="src\ArtCore\Main.cpp">
      <Filter>ArtCore</Filter>
    </ClCompile>
    <ClCompile Include="src\physfs-3.0.2\src\physfs.c">
      <Filter>outsource\physfs-3.0.2</Filter>
    </ClCompile>
    <ClCompile Include="src\physfs-3.0.2\src\physfs_archiver_7z.c">
      <Filter>outsource\physfs-3.0.2</Filter>
    </ClCompile>
    <ClCompile Include="src\physfs-3.0.2\src\physfs_archiver_dir.c">
      <Filter>outsource\physfs-3.0.2</Filter>
    </ClCompile>
    <ClCompile Include="src\physfs-3.0.2\src\physfs_archiver_grp.c">
      <Filter>outsource\physfs-3.0.2</Filter>
    </ClCompile>
    <ClCompile Include="src\physfs-3.0.2\src\physfs_archiver_hog.c">
      <Filter>outsource\physfs-3.0.2</Filter>
    </ClCompile>
    <ClCompile Include="src\physfs-3.0.2\src\physfs_archiver_iso9660.c">
      <Filter>outsource\physfs-3.0.2</Filter>
    </ClCompile>
    <ClCompile Include="src\physfs-3.0.2\src\physfs_archiver_mvl.c">
      <Filter>outsource\physfs-3.0.2</Filter>
    </ClCompile>
    <ClCompile Include="src\physfs-3.0.2\src\physfs_archiver_qpak.c">
      <Filter>outsource\physfs-3.0.2</Filter>
    </ClCompile>
    <ClCompile Include="src\physfs-3.0.2\src\physfs_archiver_slb.c">
      <Filter>outsource\physfs-3.0.2</Filter>
    </ClCompile>
    <ClCompile Include="src\physfs-3.0.2\src\physfs_archiver_unpacked.c">
      <Filter>outsource\physfs-3.0.2</Filter>
    </ClCompile>
    <ClCompile Include="src\physfs-3.0.2\src\physfs_archiver_vdf.c">
      <Filter>outsource\physfs-3.0.2</Filter>
    </ClCompile>
    <ClCompile Include="src\physfs-3.0.2\src\physfs_archiver_wad.c">
      <Filter>outsource\physfs-3.0.2</Filter>
    </ClCompile>
    <ClCompile Include="src\physfs-3.0.2\src\physfs_archiver_zip.c">
      <Filter>outsource\physfs-3.0.2</Filter>
    </ClCompile>
    <ClCompile Include="src\physfs-3.0.2\src\physfs_byteorder.c">
      <Filter>outsource\physfs-3.0.2</Filter>
    </ClCompile>
    <ClCompile Include="src\physfs-3.0.2\src\physfs_platform_haiku.cpp">
      <Filter>outsource\physfs-3.0.2</Filter>
    </ClCompile>
    <ClCompile Include="src\physfs-3.0.2\src\physfs_platform_os2.c">
      <Filter>outsource\physfs-3.0.2</Filter>
    </ClCompile>
    <ClCompile Include="src\physfs-3.0.2\src\physfs_platform_posix.c">
      <Filter>outsource\physfs-3.0.2</Filter>
    </ClCompile>
    <ClCompile Include="src\physfs-3.0.2\src\physfs_platform_qnx.c">
      <Filter>outsource\physfs-3.0.2</Filter>
    </ClCompile>
    <ClCompile Include="src\physfs-3.0.2\src\physfs_platform_unix.c">
      <Filter>outsource\physfs-3.0.2</Filter>
    </ClCompile>
    <ClCompile Include="src\physfs-3.0.2\src\physfs_platform_windows.c">
      <Filter>outsource\physfs-3.0.2</Filter>
    </ClCompile>
    <ClCompile Include="src\physfs-3.0.2\src\physfs_platform_winrt.cpp">
      <Filter>outsource\physfs-3.0.2</Filter>
    </ClCompile>
    <ClCompile Include="src\physfs-3.0.2\src\physfs_unicode.c">
      <Filter>outsource\physfs-3.0.2</Filter>
    </ClCompile>
    <ClCompile Include="src\FC_Fontcache\SDL_FontCache.c">
      <Filter>outsource\SDL_FontCache</Filter>
    </ClCompile>
    <ClCompile Include="src\ArtCore\CodeExecutor\ArtCode.cpp">
      <Filter>ArtCore\CodeExecutor</Filter>
    </ClCompile>
    <ClCompile Include="src\ArtCore\System\AssetManager.cpp">
      <Filter>ArtCore\System</Filter>
    </ClCompile>
    <ClCompile Include="src\ArtCore\Graphic\BackGroundRenderer.cpp">
      <Filter>ArtCore\Graphic</Filter>
    </ClCompile>
    <ClCompile Include="src\ArtCore\Gui\GuiElement\Button.cpp">
      <Filter>ArtCore\Gui\GuiElement</Filter>
    </ClCompile>
    <ClCompile Include="src\ArtCore\CodeExecutor\CodeExecutor.cpp">
      <Filter>ArtCore\CodeExecutor</Filter>
    </ClCompile>
    <ClCompile Include="src\ArtCore\CodeExecutor\CodeExecutor_functions.cpp">
      <Filter>ArtCore\CodeExecutor</Filter>
    </ClCompile>
    <ClCompile Include="src\ArtCore\CodeExecutor\CodeExecutor_functions_map.cpp">
      <Filter>ArtCore\CodeExecutor</Filter>
    </ClCompile>
    <ClCompile Include="src\ArtCore\Gui\Console.cpp">
      <Filter>ArtCore\Gui</Filter>
    </ClCompile>
    <ClCompile Include="src\ArtCore\_Debug\Debug.cpp">
      <Filter>ArtCore\_Debug</Filter>
    </ClCompile>
    <ClCompile Include="src\ArtCore\Gui\Gui.cpp">
      <Filter>ArtCore\Gui</Filter>
    </ClCompile>
    <ClCompile Include="src\ArtCore\Gui\GuiElement\Grid.cpp">
      <Filter>ArtCore\Gui\GuiElement</Filter>
    </ClCompile>
    <ClCompile Include="src\ArtCore\Gui\GuiElement\Image.cpp">
      <Filter>ArtCore\Gui\GuiElement</Filter>
    </ClCompile>
    <ClCompile Include="src\ArtCore\Functions\Convert.cpp">
      <Filter>ArtCore\Functions</Filter>
    </ClCompile>
    <ClCompile Include="src\ArtCore\System\Core.cpp">
      <Filter>ArtCore\System</Filter>
    </ClCompile>
    <ClCompile Include="src\ArtCore\Functions\Func.cpp">
      <Filter>ArtCore\Functions</Filter>
    </ClCompile>
    <ClCompile Include="src\ArtCore\_Debug\Memory.cpp">
      <Filter>ArtCore\_Debug</Filter>
    </ClCompile>
    <ClCompile Include="src\ArtCore\Graphic\Render.cpp">
      <Filter>ArtCore\Graphic</Filter>
    </ClCompile>
    <ClCompile Include="src\ArtCore\Gui\GuiElement\Label.cpp">
      <Filter>ArtCore\Gui\GuiElement</Filter>
    </ClCompile>
    <ClCompile Include="src\ArtCore\Gui\GuiElement\ProgressBar.cpp">
      <Filter>ArtCore\Gui\GuiElement</Filter>
    </ClCompile>
    <ClCompile Include="src\ArtCore\Gui\GuiElement\TabPanel.cpp">
      <Filter>ArtCore\Gui\GuiElement</Filter>
    </ClCompile>
    <ClCompile Include="src\ArtCore\Graphic\Sprite.cpp">
      <Filter>ArtCore\Graphic</Filter>
    </ClCompile>
    <ClCompile Include="src\ArtCore\Scene\Scene.cpp">
      <Filter>ArtCore\Scene</Filter>
    </ClCompile>
    <ClCompile Include="src\ArtCore\Gui\GuiElement\Panel.cpp">
      <Filter>ArtCore\Gui\GuiElement</Filter>
    </ClCompile>
    <ClCompile Include="src\ArtCore\_Debug\Time.cpp">
      <Filter>ArtCore\_Debug</Filter>
    </ClCompile>
    <ClCompile Include="src\ArtCore\CodeExecutor\Stack.cpp">
      <Filter>ArtCore\CodeExecutor</Filter>
    </ClCompile>
    <ClCompile Include="src\ArtCore\Structs\Rect.cpp">
      <Filter>ArtCore\Structs</Filter>
    </ClCompile>
    <ClCompile Include="src\ArtCore\Structs\vec2f.cpp">
      <Filter>ArtCore\Structs</Filter>
    </ClCompile>
    <ClCompile Include="src\ArtCore\Scene\Instance.cpp">
      <Filter>ArtCore\Scene</Filter>
    </ClCompile>
    <ClCompile Include="src\ArtCore\Enums\Event.cpp">
      <Filter>ArtCore\Enums</Filter>
    </ClCompile>
    <ClCompile Include="src\ArtCore\Physics\Physics.cpp">
      <Filter>ArtCore\Physics</Filter>
    </ClCompile>
    <ClCompile Include="src\ArtCore\Gui\GuiElement\DropDownList.cpp">
      <Filter>ArtCore\Gui\GuiElement</Filter>
    </ClCompile>
    <ClCompile Include="src\ArtCore\Gui\GuiElement\CheckButton.cpp">
      <Filter>ArtCore\Gui\GuiElement</Filter>
    </ClCompile>
    <ClCompile Include="src\ArtCore\Gui\GuiElement\Slider.cpp">
      <Filter>ArtCore\Gui\GuiElement</Filter>
    </ClCompile>
  </ItemGroup>
  <ItemGroup>
    <ClInclude Include="src\ArtCore\main.h">
      <Filter>ArtCore</Filter>
    </ClInclude>
    <ClInclude Include="src\physfs-3.0.2\src\physfs.h">
      <Filter>outsource\physfs-3.0.2</Filter>
    </ClInclude>
    <ClInclude Include="src\physfs-3.0.2\src\physfs_casefolding.h">
      <Filter>outsource\physfs-3.0.2</Filter>
    </ClInclude>
    <ClInclude Include="src\physfs-3.0.2\src\physfs_internal.h">
      <Filter>outsource\physfs-3.0.2</Filter>
    </ClInclude>
    <ClInclude Include="src\physfs-3.0.2\src\physfs_lzmasdk.h">
      <Filter>outsource\physfs-3.0.2</Filter>
    </ClInclude>
    <ClInclude Include="src\physfs-3.0.2\src\physfs_miniz.h">
      <Filter>outsource\physfs-3.0.2</Filter>
    </ClInclude>
    <ClInclude Include="src\physfs-3.0.2\src\physfs_platforms.h">
      <Filter>outsource\physfs-3.0.2</Filter>
    </ClInclude>
    <ClInclude Include="src\FC_Fontcache\SDL_FontCache.h">
      <Filter>outsource\SDL_FontCache</Filter>
    </ClInclude>
    <ClInclude Include="src\ArtCore\CodeExecutor\ArtCode.h">
      <Filter>ArtCore\CodeExecutor</Filter>
    </ClInclude>
    <ClInclude Include="src\ArtCore\System\AssetManager.h">
      <Filter>ArtCore\System</Filter>
    </ClInclude>
    <ClInclude Include="src\ArtCore\Graphic\BackGroundRenderer.h">
      <Filter>ArtCore\Graphic</Filter>
    </ClInclude>
    <ClInclude Include="src\ArtCore\Gui\GuiElement\Button.h">
      <Filter>ArtCore\Gui\GuiElement</Filter>
    </ClInclude>
    <ClInclude Include="src\ArtCore\CodeExecutor\CodeExecutor.h">
      <Filter>ArtCore\CodeExecutor</Filter>
    </ClInclude>
    <ClInclude Include="src\ArtCore\Gui\Console.h">
      <Filter>ArtCore\Gui</Filter>
    </ClInclude>
    <ClInclude Include="src\ArtCore\_Debug\Debug.h">
      <Filter>ArtCore\_Debug</Filter>
    </ClInclude>
    <ClInclude Include="src\ArtCore\CodeExecutor\Inspector.h">
      <Filter>ArtCore\CodeExecutor</Filter>
    </ClInclude>
    <ClInclude Include="src\ArtCore\Gui\Gui.h">
      <Filter>ArtCore\Gui</Filter>
    </ClInclude>
    <ClInclude Include="src\ArtCore\Gui\GuiElement\Grid.h">
      <Filter>ArtCore\Gui\GuiElement</Filter>
    </ClInclude>
    <ClInclude Include="src\ArtCore\Gui\GuiElement\Image.h">
      <Filter>ArtCore\Gui\GuiElement</Filter>
    </ClInclude>
    <ClInclude Include="src\ArtCore\Functions\Convert.h">
      <Filter>ArtCore\Functions</Filter>
    </ClInclude>
    <ClInclude Include="src\ArtCore\Enums\EnumExtend.h">
      <Filter>ArtCore\Enums</Filter>
    </ClInclude>
    <ClInclude Include="src\ArtCore\System\Core.h">
      <Filter>ArtCore\System</Filter>
    </ClInclude>
    <ClInclude Include="src\ArtCore\Functions\Func.h">
      <Filter>ArtCore\Functions</Filter>
    </ClInclude>
    <ClInclude Include="src\ArtCore\_Debug\Memory.h">
      <Filter>ArtCore\_Debug</Filter>
    </ClInclude>
    <ClInclude Include="src\ArtCore\Graphic\Render.h">
      <Filter>ArtCore\Graphic</Filter>
    </ClInclude>
    <ClInclude Include="src\ArtCore\Gui\GuiElement\Label.h">
      <Filter>ArtCore\Gui\GuiElement</Filter>
    </ClInclude>
    <ClInclude Include="src\ArtCore\Gui\GuiElement\ProgressBar.h">
      <Filter>ArtCore\Gui\GuiElement</Filter>
    </ClInclude>
    <ClInclude Include="src\ArtCore\Gui\GuiElement\TabPanel.h">
      <Filter>ArtCore\Gui\GuiElement</Filter>
    </ClInclude>
    <ClInclude Include="src\ArtCore\Graphic\Sprite.h">
      <Filter>ArtCore\Graphic</Filter>
    </ClInclude>
    <ClInclude Include="src\ArtCore\Graphic\ColorDefinitions.h">
      <Filter>ArtCore\Graphic</Filter>
    </ClInclude>
    <ClInclude Include="src\ArtCore\Scene\Scene.h">
      <Filter>ArtCore\Scene</Filter>
    </ClInclude>
    <ClInclude Include="src\ArtCore\Gui\GuiElement\Panel.h">
      <Filter>ArtCore\Gui\GuiElement</Filter>
    </ClInclude>
    <ClInclude Include="src\ArtCore\predefined_headers\SplashScreen.h">
      <Filter>ArtCore\predefined_headers</Filter>
    </ClInclude>
    <ClInclude Include="src\ArtCore\_Debug\Time.h">
      <Filter>ArtCore\_Debug</Filter>
    </ClInclude>
    <ClInclude Include="src\ArtCore\CodeExecutor\Stack.h">
      <Filter>ArtCore\CodeExecutor</Filter>
    </ClInclude>
    <ClInclude Include="src\ArtCore\Structs\Rect.h">
      <Filter>ArtCore\Structs</Filter>
    </ClInclude>
    <ClInclude Include="src\ArtCore\Structs\vec2f.h">
      <Filter>ArtCore\Structs</Filter>
    </ClInclude>
    <ClInclude Include="src\ArtCore\Scene\Instance.h">
      <Filter>ArtCore\Scene</Filter>
    </ClInclude>
    <ClInclude Include="src\nlohmann\json.hpp">
      <Filter>outsource\json</Filter>
    </ClInclude>
    <ClInclude Include="src\ArtCore\Enums\Event.h">
      <Filter>ArtCore\Enums</Filter>
    </ClInclude>
    <ClInclude Include="src\ArtCore\predefined_headers\consola.h">
      <Filter>ArtCore\predefined_headers</Filter>
    </ClInclude>
    <ClInclude Include="src\ArtCore\Physics\Physics.h">
      <Filter>ArtCore\Physics</Filter>
    </ClInclude>
    <ClInclude Include="src\ArtCore\Functions\SDL_Color_extend.h">
      <Filter>ArtCore\Functions</Filter>
    </ClInclude>
    <ClInclude Include="src\ArtCore\Functions\SDL_FPoint_extend.h">
      <Filter>ArtCore\Functions</Filter>
    </ClInclude>
    <ClInclude Include="src\ArtCore\Functions\SDL_Point_extend.h">
      <Filter>ArtCore\Functions</Filter>
    </ClInclude>
    <ClInclude Include="src\ArtCore\Gui\GuiElement\DropDownList.h">
      <Filter>ArtCore\Gui\GuiElement</Filter>
    </ClInclude>
    <ClInclude Include="src\ArtCore\Gui\GuiElement\CheckButton.h">
      <Filter>ArtCore\Gui\GuiElement</Filter>
    </ClInclude>
    <ClInclude Include="src\ArtCore\Gui\GuiElement\Slider.h">
      <Filter>ArtCore\Gui\GuiElement</Filter>
    </ClInclude>
    <ClInclude Include="src\plf\plf_colony-master\plf_colony.h">
      <Filter>outsource\pfl</Filter>
    </ClInclude>
    <ClInclude Include="src\plf\plf_hive-main\plf_hive.h">
      <Filter>outsource\pfl</Filter>
    </ClInclude>
    <ClInclude Include="src\plf\plf_indiesort-master\plf_indiesort.h">
      <Filter>outsource\pfl</Filter>
    </ClInclude>
    <ClInclude Include="src\plf\plf_list-master\plf_list.h">
      <Filter>outsource\pfl</Filter>
    </ClInclude>
    <ClInclude Include="src\plf\plf_queue-main\plf_queue.h">
      <Filter>outsource\pfl</Filter>
    </ClInclude>
    <ClInclude Include="src\plf\plf_stack-master\plf_stack.h">
      <Filter>outsource\pfl</Filter>
    </ClInclude>
  </ItemGroup>
  <ItemGroup>
    <Filter Include="ArtCore">
      <UniqueIdentifier>{4c60b197-dd08-46b4-ab2d-1fc5ab612f04}</UniqueIdentifier>
    </Filter>
    <Filter Include="ArtCore\Scene">
      <UniqueIdentifier>{e55b2a4a-a1e4-4764-9bfc-12623a0b3e66}</UniqueIdentifier>
    </Filter>
    <Filter Include="ArtCore\Structs">
      <UniqueIdentifier>{7d65b3bc-a6d0-4f8b-b364-23e4ec318e19}</UniqueIdentifier>
    </Filter>
    <Filter Include="ArtCore\System">
      <UniqueIdentifier>{334ff623-5d3b-4f28-ac9e-537cd9f9bc89}</UniqueIdentifier>
    </Filter>
    <Filter Include="ArtCore\predefined_headers">
      <UniqueIdentifier>{aac2984e-8c65-40e3-bfa7-41a123cf2513}</UniqueIdentifier>
    </Filter>
    <Filter Include="ArtCore\_Debug">
      <UniqueIdentifier>{46323e16-6b9a-4eec-93e5-7321fd82b832}</UniqueIdentifier>
    </Filter>
    <Filter Include="ArtCore\CodeExecutor">
      <UniqueIdentifier>{34da9c93-ee75-4936-b0b3-55a6e9fffea1}</UniqueIdentifier>
    </Filter>
    <Filter Include="ArtCore\Enums">
      <UniqueIdentifier>{dc110546-26e1-45ad-acd8-c857b3457d8d}</UniqueIdentifier>
    </Filter>
    <Filter Include="ArtCore\Graphic">
      <UniqueIdentifier>{b980a9b1-2d8c-4248-a278-8c970124a4bf}</UniqueIdentifier>
    </Filter>
    <Filter Include="ArtCore\Gui">
      <UniqueIdentifier>{30d606c6-b6c9-4d90-a54b-b67d9405b550}</UniqueIdentifier>
    </Filter>
    <Filter Include="ArtCore\Gui\GuiElement">
      <UniqueIdentifier>{2e9d99f9-0ee1-40e6-8f2f-fa7d054b8780}</UniqueIdentifier>
    </Filter>
    <Filter Include="ArtCore\Functions">
      <UniqueIdentifier>{1e706b76-3266-4cef-9649-d54f614a4634}</UniqueIdentifier>
    </Filter>
    <Filter Include="outsource">
      <UniqueIdentifier>{4c89e386-b06b-4585-b5e9-0596581db52b}</UniqueIdentifier>
    </Filter>
    <Filter Include="outsource\physfs-3.0.2">
      <UniqueIdentifier>{c1319b2a-9c44-4a6c-b9be-a31f664c4384}</UniqueIdentifier>
    </Filter>
    <Filter Include="outsource\SDL_FontCache">
      <UniqueIdentifier>{60d6d3f0-0943-4d3f-b9f8-3f9f8c1274bf}</UniqueIdentifier>
    </Filter>
    <Filter Include="outsource\json">
      <UniqueIdentifier>{4799f497-e486-4cc2-a92f-f7d77018682b}</UniqueIdentifier>
    </Filter>
    <Filter Include="ArtCore\Physics">
      <UniqueIdentifier>{1a498dea-69ec-42d8-8b8c-0c4fa0fa5bfa}</UniqueIdentifier>
    </Filter>
    <Filter Include="outsource\pfl">
      <UniqueIdentifier>{9d35e0af-b8d5-4a7c-b9c0-c5bb31b367fe}</UniqueIdentifier>
    </Filter>
  </ItemGroup>
</Project>