
Microsoft Visual Studio Solution File, Format Version 12.00
# Visual Studio Version 17
VisualStudioVersion = 17.4.33110.190
MinimumVisualStudioVersion = 10.0.40219.1
Project("{8BC9CEB8-8B4A-11D0-8D11-00A0C91BC942}") = "ArtCore", "ArtCore.vcxproj", "{8373DE36-5583-40FC-87CF-7807B5EF467D}"
EndProject
Project("{8BC9CEB8-8B4A-11D0-8D11-00A0C91BC942}") = "Stack_test", "tests\Stack_test\Stack_test.vcxproj", "{4DB07D5D-4592-4022-806B-8C2C18613E09}"
EndProject
Global
	GlobalSection(SolutionConfigurationPlatforms) = preSolution
		Debug|x64 = Debug|x64
		Debug|x86 = Debug|x86
		DebugEditor|x64 = DebugEditor|x64
		DebugEditor|x86 = DebugEditor|x86
		Release|x64 = Release|x64
		Release|x86 = Release|x86
	EndGlobalSection
	GlobalSection(ProjectConfigurationPlatforms) = postSolution
		{8373DE36-5583-40FC-87CF-7807B5EF467D}.Debug|x64.ActiveCfg = Debug|x64
		{8373DE36-5583-40FC-87CF-7807B5EF467D}.Debug|x64.Build.0 = Debug|x64
		{8373DE36-5583-40FC-87CF-7807B5EF467D}.Debug|x86.ActiveCfg = Debug|Win32
		{8373DE36-5583-40FC-87CF-7807B5EF467D}.Debug|x86.Build.0 = Debug|Win32
		{8373DE36-5583-40FC-87CF-7807B5EF467D}.DebugEditor|x64.ActiveCfg = DebugEditor|x64
		{8373DE36-5583-40FC-87CF-7807B5EF467D}.DebugEditor|x64.Build.0 = DebugEditor|x64
		{8373DE36-5583-40FC-87CF-7807B5EF467D}.DebugEditor|x86.ActiveCfg = DebugEditor|Win32
		{8373DE36-5583-40FC-87CF-7807B5EF467D}.DebugEditor|x86.Build.0 = DebugEditor|Win32
		{8373DE36-5583-40FC-87CF-7807B5EF467D}.Release|x64.ActiveCfg = Release|x64
		{8373DE36-5583-40FC-87CF-7807B5EF467D}.Release|x64.Build.0 = Release|x64
		{8373DE36-5583-40FC-87CF-7807B5EF467D}.Release|x86.ActiveCfg = Release|Win32
		{8373DE36-5583-40FC-87CF-7807B5EF467D}.Release|x86.Build.0 = Release|Win32
		{4DB07D5D-4592-4022-806B-8C2C18613E09}.Debug|x64.ActiveCfg = Debug|x64
		{4DB07D5D-4592-4022-806B-8C2C18613E09}.Debug|x64.Build.0 = Debug|x64
		{4DB07D5D-4592-4022-806B-8C2C18613E09}.Debug|x86.ActiveCfg = Debug|Win32
		{4DB07D5D-4592-4022-806B-8C2C18613E09}.Debug|x86.Build.0 = Debug|Win32
		{4DB07D5D-4592-4022-806B-8C2C18613E09}.DebugEditor|x64.ActiveCfg = Debug|x64
		{4DB07D5D-4592-4022-806B-8C2C18613E09}.DebugEditor|x64.Build.0 = Debug|x64
		{4DB07D5D-4592-4022-806B-8C2C18613E09}.DebugEditor|x86.ActiveCfg = Debug|Win32
		{4DB07D5D-4592-4022-806B-8C2C18613E09}.DebugEditor|x86.Build.0 = Debug|Win32
		{4DB07D5D-4592-4022-806B-8C2C18613E09}.Release|x64.ActiveCfg = Release|x64
		{4DB07D5D-4592-4022-806B-8C2C18613E09}.Release|x64.Build.0 = Release|x64
		{4DB07D5D-4592-4022-806B-8C2C18613E09}.Release|x86.ActiveCfg = Release|Win32
		{4DB07D5D-4592-4022-806B-8C2C18613E09}.Release|x86.Build.0 = Release|Win32
	EndGlobalSection
	GlobalSection(SolutionProperties) = preSolution
		HideSolutionNode = FALSE
	EndGlobalSection
	GlobalSection(ExtensibilityGlobals) = postSolution
		SolutionGuid = {DFBD2D66-2082-4539-8E3F-0F5C763F5887}
	EndGlobalSection
EndGlobal
