<?xml version="1.0" encoding="utf-8"?>
<Project ToolsVersion="4.0" xmlns="http://schemas.microsoft.com/developer/msbuild/2003">
  <ItemGroup>
    <ClCompile Include="Main.cpp" />
    <ClCompile Include="Core.cpp">
      <Filter>Core</Filter>
    </ClCompile>
    <ClCompile Include="Debug.cpp">
      <Filter>Debug</Filter>
    </ClCompile>
    <ClCompile Include="Console.cpp">
      <Filter>Core</Filter>
    </ClCompile>
    <ClCompile Include="Func.cpp">
      <Filter>Functions</Filter>
    </ClCompile>
    <ClCompile Include="physfs-3.0.2\src\physfs.c">
      <Filter>Include\physfs</Filter>
    </ClCompile>
    <ClCompile Include="physfs-3.0.2\src\physfs_archiver_7z.c">
      <Filter>Include\physfs</Filter>
    </ClCompile>
    <ClCompile Include="physfs-3.0.2\src\physfs_archiver_dir.c">
      <Filter>Include\physfs</Filter>
    </ClCompile>
    <ClCompile Include="physfs-3.0.2\src\physfs_archiver_grp.c">
      <Filter>Include\physfs</Filter>
    </ClCompile>
    <ClCompile Include="physfs-3.0.2\src\physfs_archiver_hog.c">
      <Filter>Include\physfs</Filter>
    </ClCompile>
    <ClCompile Include="physfs-3.0.2\src\physfs_archiver_iso9660.c">
      <Filter>Include\physfs</Filter>
    </ClCompile>
    <ClCompile Include="physfs-3.0.2\src\physfs_archiver_mvl.c">
      <Filter>Include\physfs</Filter>
    </ClCompile>
    <ClCompile Include="physfs-3.0.2\src\physfs_archiver_qpak.c">
      <Filter>Include\physfs</Filter>
    </ClCompile>
    <ClCompile Include="physfs-3.0.2\src\physfs_archiver_slb.c">
      <Filter>Include\physfs</Filter>
    </ClCompile>
    <ClCompile Include="physfs-3.0.2\src\physfs_archiver_unpacked.c">
      <Filter>Include\physfs</Filter>
    </ClCompile>
    <ClCompile Include="physfs-3.0.2\src\physfs_archiver_vdf.c">
      <Filter>Include\physfs</Filter>
    </ClCompile>
    <ClCompile Include="physfs-3.0.2\src\physfs_archiver_wad.c">
      <Filter>Include\physfs</Filter>
    </ClCompile>
    <ClCompile Include="physfs-3.0.2\src\physfs_archiver_zip.c">
      <Filter>Include\physfs</Filter>
    </ClCompile>
    <ClCompile Include="physfs-3.0.2\src\physfs_byteorder.c">
      <Filter>Include\physfs</Filter>
    </ClCompile>
    <ClCompile Include="physfs-3.0.2\src\physfs_platform_haiku.cpp">
      <Filter>Include\physfs</Filter>
    </ClCompile>
    <ClCompile Include="physfs-3.0.2\src\physfs_platform_os2.c">
      <Filter>Include\physfs</Filter>
    </ClCompile>
    <ClCompile Include="physfs-3.0.2\src\physfs_platform_posix.c">
      <Filter>Include\physfs</Filter>
    </ClCompile>
    <ClCompile Include="physfs-3.0.2\src\physfs_platform_qnx.c">
      <Filter>Include\physfs</Filter>
    </ClCompile>
    <ClCompile Include="physfs-3.0.2\src\physfs_platform_unix.c">
      <Filter>Include\physfs</Filter>
    </ClCompile>
    <ClCompile Include="physfs-3.0.2\src\physfs_platform_windows.c">
      <Filter>Include\physfs</Filter>
    </ClCompile>
    <ClCompile Include="physfs-3.0.2\src\physfs_platform_winrt.cpp">
      <Filter>Include\physfs</Filter>
    </ClCompile>
    <ClCompile Include="physfs-3.0.2\src\physfs_unicode.c">
      <Filter>Include\physfs</Filter>
    </ClCompile>
    <ClCompile Include="vec2f.cpp">
      <Filter>Structs</Filter>
    </ClCompile>
    <ClCompile Include="Render.cpp">
      <Filter>Graphic</Filter>
    </ClCompile>
    <ClCompile Include="Sprite.cpp">
      <Filter>Assets</Filter>
    </ClCompile>
    <ClCompile Include="Scene.cpp">
      <Filter>Scene</Filter>
    </ClCompile>
    <ClCompile Include="Rect.cpp">
      <Filter>Structs</Filter>
    </ClCompile>
    <ClCompile Include="Instance.cpp">
      <Filter>Scene</Filter>
    </ClCompile>
    <ClCompile Include="SDL2\SDL_FontCache-master\SDL_FontCache.c">
      <Filter>Include\SDL_FontCahe</Filter>
    </ClCompile>
    <ClCompile Include="AssetManager.cpp">
      <Filter>Assets</Filter>
    </ClCompile>
    <ClCompile Include="Stack.cpp">
      <Filter>Structs</Filter>
    </ClCompile>
    <ClCompile Include="CodeExecutor.cpp">
      <Filter>Core\ArtCode</Filter>
    </ClCompile>
    <ClCompile Include="CodeExecutor_functions.cpp">
      <Filter>Core\ArtCode</Filter>
    </ClCompile>
    <ClCompile Include="BackGroundRenderer.cpp">
      <Filter>Graphic</Filter>
    </ClCompile>
    <ClCompile Include="Memory.cpp">
      <Filter>Debug</Filter>
    </ClCompile>
    <ClCompile Include="Time.cpp">
      <Filter>Debug</Filter>
    </ClCompile>
    <ClCompile Include="ArtCode.cpp">
      <Filter>Core\ArtCode</Filter>
    </ClCompile>
  </ItemGroup>
  <ItemGroup>
    <ClInclude Include="Core.h">
      <Filter>Core</Filter>
    </ClInclude>
    <ClInclude Include="Debug.h">
      <Filter>Debug</Filter>
    </ClInclude>
    <ClInclude Include="SDL_version.h">
      <Filter>Include</Filter>
    </ClInclude>
    <ClInclude Include="Console.h">
      <Filter>Core</Filter>
    </ClInclude>
    <ClInclude Include="consola.h">
      <Filter>Include\predefined_h</Filter>
    </ClInclude>
    <ClInclude Include="SplashScreen.h">
      <Filter>Include\predefined_h</Filter>
    </ClInclude>
    <ClInclude Include="ColorDefinitions.h">
      <Filter>Include\predefined_h</Filter>
    </ClInclude>
    <ClInclude Include="Func.h">
      <Filter>Functions</Filter>
    </ClInclude>
    <ClInclude Include="physfs-3.0.2\src\physfs.h">
      <Filter>Include\physfs</Filter>
    </ClInclude>
    <ClInclude Include="physfs-3.0.2\src\physfs_casefolding.h">
      <Filter>Include\physfs</Filter>
    </ClInclude>
    <ClInclude Include="physfs-3.0.2\src\physfs_internal.h">
      <Filter>Include\physfs</Filter>
    </ClInclude>
    <ClInclude Include="physfs-3.0.2\src\physfs_lzmasdk.h">
      <Filter>Include\physfs</Filter>
    </ClInclude>
    <ClInclude Include="physfs-3.0.2\src\physfs_miniz.h">
      <Filter>Include\physfs</Filter>
    </ClInclude>
    <ClInclude Include="physfs-3.0.2\src\physfs_platforms.h">
      <Filter>Include\physfs</Filter>
    </ClInclude>
    <ClInclude Include="vec2f.h">
      <Filter>Structs</Filter>
    </ClInclude>
    <ClInclude Include="Render.h">
      <Filter>Graphic</Filter>
    </ClInclude>
    <ClInclude Include="Sprite.h">
      <Filter>Assets</Filter>
    </ClInclude>
    <ClInclude Include="Scene.h">
      <Filter>Scene</Filter>
    </ClInclude>
    <ClInclude Include="Rect.h">
      <Filter>Structs</Filter>
    </ClInclude>
    <ClInclude Include="Event.h">
      <Filter>Structs</Filter>
    </ClInclude>
    <ClInclude Include="Instance.h">
      <Filter>Scene</Filter>
    </ClInclude>
    <ClInclude Include="main.h" />
    <ClInclude Include="SDL2\SDL_FontCache-master\SDL_FontCache.h">
      <Filter>Include\SDL_FontCahe</Filter>
    </ClInclude>
    <ClInclude Include="AssetManager.h">
      <Filter>Assets</Filter>
    </ClInclude>
    <ClInclude Include="Stack.h">
      <Filter>Structs</Filter>
    </ClInclude>
    <ClInclude Include="ArtCode.h">
      <Filter>Core\ArtCode</Filter>
    </ClInclude>
    <ClInclude Include="CodeExecutor.h">
      <Filter>Core\ArtCode</Filter>
    </ClInclude>
    <ClInclude Include="Inspector.h">
      <Filter>Core\ArtCode</Filter>
    </ClInclude>
    <ClInclude Include="BackGroundRenderer.h">
      <Filter>Graphic</Filter>
    </ClInclude>
    <ClInclude Include="Memory.h">
      <Filter>Debug</Filter>
    </ClInclude>
    <ClInclude Include="Time.h">
      <Filter>Debug</Filter>
    </ClInclude>
  </ItemGroup>
  <ItemGroup>
    <Filter Include="Core">
      <UniqueIdentifier>{54c85405-bada-4856-8036-32e13d5e0a18}</UniqueIdentifier>
    </Filter>
    <Filter Include="Debug">
      <UniqueIdentifier>{230f96f4-d969-4e4d-898d-9baa12ad07e5}</UniqueIdentifier>
    </Filter>
    <Filter Include="Graphic">
      <UniqueIdentifier>{1848e1ae-5b82-46a6-8371-eaa01d71b5dd}</UniqueIdentifier>
    </Filter>
    <Filter Include="Assets">
      <UniqueIdentifier>{1fd9c934-92cf-47a3-b115-bcb71133c7d9}</UniqueIdentifier>
    </Filter>
    <Filter Include="Scene">
      <UniqueIdentifier>{bdb2ed98-b20e-48e0-94bf-6834f549d309}</UniqueIdentifier>
    </Filter>
    <Filter Include="Include">
      <UniqueIdentifier>{b71d52dc-ef25-4ca2-8115-c0d45170ff39}</UniqueIdentifier>
    </Filter>
    <Filter Include="Structs">
      <UniqueIdentifier>{920ebf6a-c3dd-4776-97c7-80015d7cacd4}</UniqueIdentifier>
    </Filter>
    <Filter Include="Functions">
      <UniqueIdentifier>{091bf99e-c360-495f-a7d2-262bf448d736}</UniqueIdentifier>
    </Filter>
    <Filter Include="Include\physfs">
      <UniqueIdentifier>{53f435f6-3aae-40ee-8611-bd419af5c2bf}</UniqueIdentifier>
    </Filter>
    <Filter Include="Include\SDL_FontCahe">
      <UniqueIdentifier>{9403d712-db6c-4f4d-81ed-22ce28039493}</UniqueIdentifier>
    </Filter>
    <Filter Include="Include\predefined_h">
      <UniqueIdentifier>{1d40c797-4aa9-4fc4-9184-1eee4f68f918}</UniqueIdentifier>
    </Filter>
    <Filter Include="Core\ArtCode">
      <UniqueIdentifier>{19d6ba34-0d49-410c-ab16-ab8b04ac5439}</UniqueIdentifier>
    </Filter>
  </ItemGroup>
  <ItemGroup>
    <None Include="physfs-3.0.2\src\physfs_platform_apple.m">
      <Filter>Include\physfs</Filter>
    </None>
  </ItemGroup>
</Project>